
Microsoft Visual Studio Solution File, Format Version 12.00
# Visual Studio Version 17
VisualStudioVersion = 17.4.33006.217
MinimumVisualStudioVersion = 10.0.40219.1
Project("{9A19103F-16F7-4668-BE54-9A1E7A4F7556}") = "HWHash", "HWHash.csproj", "{746EEEF1-681C-4051-BCED-54F414D03F12}"
EndProject
Global
	GlobalSection(SolutionConfigurationPlatforms) = preSolution
		Debug|Any CPU = Debug|Any CPU
		Release|Any CPU = Release|Any CPU
	EndGlobalSection
	GlobalSection(ProjectConfigurationPlatforms) = postSolution
		{746EEEF1-681C-4051-BCED-54F414D03F12}.Debug|Any CPU.ActiveCfg = Debug|Any CPU
		{746EEEF1-681C-4051-BCED-54F414D03F12}.Debug|Any CPU.Build.0 = Debug|Any CPU
		{746EEEF1-681C-4051-BCED-54F414D03F12}.Release|Any CPU.ActiveCfg = Release|Any CPU
		{746EEEF1-681C-4051-BCED-54F414D03F12}.Release|Any CPU.Build.0 = Release|Any CPU
	EndGlobalSection
	GlobalSection(SolutionProperties) = preSolution
		HideSolutionNode = FALSE
	EndGlobalSection
	GlobalSection(ExtensibilityGlobals) = postSolution
		SolutionGuid = {B714828F-9C04-44FA-AD02-CD9B9F46C8E2}
	EndGlobalSection
EndGlobal
